
Microsoft Visual Studio Solution File, Format Version 11.00
# Visual Studio 2010
Project("{8BC9CEB8-8B4A-11D0-8D11-00A0C91BC942}") = "cpu", "cpu.vcxproj", "{6C5B4F7D-ABFB-4D10-9A9C-18390EFD636A}"
EndProject
Global
	GlobalSection(SolutionConfigurationPlatforms) = preSolution
		Debug|Win32 = Debug|Win32
		Release|Win32 = Release|Win32
	EndGlobalSection
	GlobalSection(ProjectConfigurationPlatforms) = postSolution
		{6C5B4F7D-ABFB-4D10-9A9C-18390EFD636A}.Debug|Win32.ActiveCfg = Debug|Win32
		{6C5B4F7D-ABFB-4D10-9A9C-18390EFD636A}.Debug|Win32.Build.0 = Debug|Win32
		{6C5B4F7D-ABFB-4D10-9A9C-18390EFD636A}.Release|Win32.ActiveCfg = Release|Win32
		{6C5B4F7D-ABFB-4D10-9A9C-18390EFD636A}.Release|Win32.Build.0 = Release|Win32
	EndGlobalSection
	GlobalSection(SolutionProperties) = preSolution
		HideSolutionNode = FALSE
	EndGlobalSection
EndGlobal
